
Microsoft Visual Studio Solution File, Format Version 12.00
# Visual Studio 15
VisualStudioVersion = 15.0.26124.0
MinimumVisualStudioVersion = 15.0.26124.0
Project("{FAE04EC0-301F-11D3-BF4B-00C04F79EFBC}") = "Etap.Tests", "Etap.Tests\Etap.Tests.csproj", "{2347B31A-7F8B-46C9-B46D-9D4C21B1CA8A}"
EndProject
Project("{FAE04EC0-301F-11D3-BF4B-00C04F79EFBC}") = "Etap.Web", "Etap.Web\Etap.Web.csproj", "{D9EB4E22-4288-430A-B7DD-B188BC9BC6B3}"
EndProject
Global
	GlobalSection(SolutionConfigurationPlatforms) = preSolution
		Debug|Any CPU = Debug|Any CPU
		Debug|x64 = Debug|x64
		Debug|x86 = Debug|x86
		Release|Any CPU = Release|Any CPU
		Release|x64 = Release|x64
		Release|x86 = Release|x86
	EndGlobalSection
	GlobalSection(SolutionProperties) = preSolution
		HideSolutionNode = FALSE
	EndGlobalSection
	GlobalSection(ProjectConfigurationPlatforms) = postSolution
		{2347B31A-7F8B-46C9-B46D-9D4C21B1CA8A}.Debug|Any CPU.ActiveCfg = Debug|Any CPU
		{2347B31A-7F8B-46C9-B46D-9D4C21B1CA8A}.Debug|Any CPU.Build.0 = Debug|Any CPU
		{2347B31A-7F8B-46C9-B46D-9D4C21B1CA8A}.Debug|x64.ActiveCfg = Debug|Any CPU
		{2347B31A-7F8B-46C9-B46D-9D4C21B1CA8A}.Debug|x64.Build.0 = Debug|Any CPU
		{2347B31A-7F8B-46C9-B46D-9D4C21B1CA8A}.Debug|x86.ActiveCfg = Debug|Any CPU
		{2347B31A-7F8B-46C9-B46D-9D4C21B1CA8A}.Debug|x86.Build.0 = Debug|Any CPU
		{2347B31A-7F8B-46C9-B46D-9D4C21B1CA8A}.Release|Any CPU.ActiveCfg = Release|Any CPU
		{2347B31A-7F8B-46C9-B46D-9D4C21B1CA8A}.Release|Any CPU.Build.0 = Release|Any CPU
		{2347B31A-7F8B-46C9-B46D-9D4C21B1CA8A}.Release|x64.ActiveCfg = Release|Any CPU
		{2347B31A-7F8B-46C9-B46D-9D4C21B1CA8A}.Release|x64.Build.0 = Release|Any CPU
		{2347B31A-7F8B-46C9-B46D-9D4C21B1CA8A}.Release|x86.ActiveCfg = Release|Any CPU
		{2347B31A-7F8B-46C9-B46D-9D4C21B1CA8A}.Release|x86.Build.0 = Release|Any CPU
		{D9EB4E22-4288-430A-B7DD-B188BC9BC6B3}.Debug|Any CPU.ActiveCfg = Debug|Any CPU
		{D9EB4E22-4288-430A-B7DD-B188BC9BC6B3}.Debug|Any CPU.Build.0 = Debug|Any CPU
		{D9EB4E22-4288-430A-B7DD-B188BC9BC6B3}.Debug|x64.ActiveCfg = Debug|Any CPU
		{D9EB4E22-4288-430A-B7DD-B188BC9BC6B3}.Debug|x64.Build.0 = Debug|Any CPU
		{D9EB4E22-4288-430A-B7DD-B188BC9BC6B3}.Debug|x86.ActiveCfg = Debug|Any CPU
		{D9EB4E22-4288-430A-B7DD-B188BC9BC6B3}.Debug|x86.Build.0 = Debug|Any CPU
		{D9EB4E22-4288-430A-B7DD-B188BC9BC6B3}.Release|Any CPU.ActiveCfg = Release|Any CPU
		{D9EB4E22-4288-430A-B7DD-B188BC9BC6B3}.Release|Any CPU.Build.0 = Release|Any CPU
		{D9EB4E22-4288-430A-B7DD-B188BC9BC6B3}.Release|x64.ActiveCfg = Release|Any CPU
		{D9EB4E22-4288-430A-B7DD-B188BC9BC6B3}.Release|x64.Build.0 = Release|Any CPU
		{D9EB4E22-4288-430A-B7DD-B188BC9BC6B3}.Release|x86.ActiveCfg = Release|Any CPU
		{D9EB4E22-4288-430A-B7DD-B188BC9BC6B3}.Release|x86.Build.0 = Release|Any CPU
	EndGlobalSection
EndGlobal
